version = 1
revision = 3
requires-python = "==3.9.*"
resolution-markers = [
    "platform_machine == 'AMD64' and sys_platform == 'win32'",
]
supported-markers = [
    "platform_machine == 'AMD64' and sys_platform == 'win32'",
]

[manifest]
overrides = [{ name = "pyqt5", marker = "sys_platform == 'never'" }]

[[package]]
name = "cam-control"
version = "2.2.1"
source = { virtual = "." }
dependencies = [
    { name = "imageio", marker = "platform_machine == 'AMD64' and sys_platform == 'win32'" },
    { name = "llvmlite", marker = "platform_machine == 'AMD64' and sys_platform == 'win32'" },
    { name = "numba", marker = "platform_machine == 'AMD64' and sys_platform == 'win32'" },
    { name = "numpy", marker = "platform_machine == 'AMD64' and sys_platform == 'win32'" },
    { name = "pandas", marker = "platform_machine == 'AMD64' and sys_platform == 'win32'" },
    { name = "pillow", marker = "platform_machine == 'AMD64' and sys_platform == 'win32'" },
    { name = "plumbum", marker = "platform_machine == 'AMD64' and sys_platform == 'win32'" },
    { name = "pylablib", marker = "platform_machine == 'AMD64' and sys_platform == 'win32'" },
    { name = "pypiwin32", marker = "platform_machine == 'AMD64' and sys_platform == 'win32'" },
    { name = "pyqtgraph", marker = "platform_machine == 'AMD64' and sys_platform == 'win32'" },
    { name = "pyside2", marker = "platform_machine == 'AMD64' and sys_platform == 'win32'" },
    { name = "python-dateutil", marker = "platform_machine == 'AMD64' and sys_platform == 'win32'" },
    { name = "pytz", marker = "platform_machine == 'AMD64' and sys_platform == 'win32'" },
    { name = "pywin32", marker = "platform_machine == 'AMD64' and sys_platform == 'win32'" },
    { name = "qdarkstyle", marker = "platform_machine == 'AMD64' and sys_platform == 'win32'" },
    { name = "rpyc", marker = "platform_machine == 'AMD64' and sys_platform == 'win32'" },
    { name = "scipy", marker = "platform_machine == 'AMD64' and sys_platform == 'win32'" },
    { name = "setuptools", marker = "platform_machine == 'AMD64' and sys_platform == 'win32'" },
    { name = "shiboken2", marker = "platform_machine == 'AMD64' and sys_platform == 'win32'" },
    { name = "six", marker = "platform_machine == 'AMD64' and sys_platform == 'win32'" },
    { name = "tifffile", marker = "platform_machine == 'AMD64' and sys_platform == 'win32'" },
]

[package.metadata]
requires-dist = [
    { name = "imageio", specifier = "==2.9.0" },
    { name = "llvmlite", specifier = "==0.36.0" },
    { name = "numba", specifier = "==0.53.1" },
    { name = "numpy", specifier = "==1.21.1" },
    { name = "pandas", specifier = "==1.3.1" },
    { name = "pillow", specifier = "==8.3.2" },
    { name = "plumbum", specifier = "==1.7.0" },
    { name = "pylablib", specifier = "==1.4.4" },
    { name = "pypiwin32", specifier = "==223" },
    { name = "pyqtgraph", specifier = "==0.12.2" },
    { name = "pyside2", specifier = "==5.15.2" },
    { name = "python-dateutil", specifier = "==2.8.2" },
    { name = "pytz", specifier = "==2021.1" },
    { name = "pywin32", specifier = "==301" },
    { name = "qdarkstyle", specifier = "==3.0.2" },
    { name = "rpyc", specifier = "==5.0.1" },
    { name = "scipy", specifier = "==1.7.0" },
    { name = "setuptools", specifier = "==58.1.0" },
    { name = "shiboken2", specifier = "==5.15.2" },
    { name = "six", specifier = "==1.16.0" },
    { name = "tifffile", specifier = "==2022.8.12" },
]

[[package]]
name = "imageio"
version = "2.9.0"
source = { registry = "https://pypi.org/simple" }
dependencies = [
    { name = "numpy", marker = "platform_machine == 'AMD64' and sys_platform == 'win32'" },
    { name = "pillow", marker = "platform_machine == 'AMD64' and sys_platform == 'win32'" },
]
sdist = { url = "https://files.pythonhosted.org/packages/c3/73/f37f428748c4f10a7991ac5bff00f113a34bcc0d0a78957d6e1cdc29a94e/imageio-2.9.0.tar.gz", hash = "sha256:52ddbaeca2dccf53ba2d6dec5676ca7bc3b2403ef8b37f7da78b7654bb3e10f0", size = 3341646, upload-time = "2020-07-06T13:20:38.425Z" }
wheels = [
    { url = "https://files.pythonhosted.org/packages/6e/57/5d899fae74c1752f52869b613a8210a2480e1a69688e65df6cb26117d45d/imageio-2.9.0-py3-none-any.whl", hash = "sha256:3604d751f03002e8e0e7650aa71d8d9148144a87daf17cb1f3228e80747f2e6b", size = 3308141, upload-time = "2020-07-06T13:20:41.546Z" },
]

[[package]]
name = "llvmlite"
version = "0.36.0"
source = { registry = "https://pypi.org/simple" }
sdist = { url = "https://files.pythonhosted.org/packages/19/66/6b2c49c7c68da48d17059882fdb9ad9ac9e5ac3f22b00874d7996e3c44a8/llvmlite-0.36.0.tar.gz", hash = "sha256:765128fdf5f149ed0b889ffbe2b05eb1717f8e20a5c87fa2b4018fbcce0fcfc9", size = 126219, upload-time = "2021-03-12T13:41:52.064Z" }
wheels = [
    { url = "https://files.pythonhosted.org/packages/b7/ab/cf1bc85ae2aa7ce35c3bdeb34084b805ac5d2c9e49c1ac4a6eff20bb91dc/llvmlite-0.36.0-cp39-cp39-win_amd64.whl", hash = "sha256:1dee416ea49fd338c74ec15c0c013e5273b0961528169af06ff90772614f7f6c", size = 15985217, upload-time = "2021-03-12T13:40:20.432Z" },
]

[[package]]
name = "numba"
version = "0.53.1"
source = { registry = "https://pypi.org/simple" }
dependencies = [
    { name = "llvmlite", marker = "platform_machine == 'AMD64' and sys_platform == 'win32'" },
    { name = "numpy", marker = "platform_machine == 'AMD64' and sys_platform == 'win32'" },
    { name = "setuptools", marker = "platform_machine == 'AMD64' and sys_platform == 'win32'" },
]
sdist = { url = "https://files.pythonhosted.org/packages/e3/7d/3d61160836e49f40913741c464f119551c15ed371c1d91ea50308495b93b/numba-0.53.1.tar.gz", hash = "sha256:9cd4e5216acdc66c4e9dab2dfd22ddb5bef151185c070d4a3cd8e78638aff5b0", size = 2213956, upload-time = "2021-03-26T09:15:50.402Z" }
wheels = [
    { url = "https://files.pythonhosted.org/packages/f5/0c/cab8c134f8814a0345cac9a1bd2ec0eec5ee4c1ea198ce536c69df8b9671/numba-0.53.1-cp39-cp39-win_amd64.whl", hash = "sha256:17146885cbe4e89c9d4abd4fcb8886dee06d4591943dc4343500c36ce2fcfa69", size = 2295290, upload-time = "2021-03-26T09:15:24.738Z" },
]

[[package]]
name = "numpy"
version = "1.21.1"
source = { registry = "https://pypi.org/simple" }
sdist = { url = "https://files.pythonhosted.org/packages/0b/a7/e724c8df240687b5fd62d8c71f1a6709d455c4c09432c7412e3e64f4cbe5/numpy-1.21.1.zip", hash = "sha256:dff4af63638afcc57a3dfb9e4b26d434a7a602d225b42d746ea7fe2edf1342fd", size = 10259878, upload-time = "2021-07-18T19:54:36.054Z" }
wheels = [
    { url = "https://files.pythonhosted.org/packages/bf/03/bb8a4c7b5a69795e61a21459d1ff1c0730ef0faa1f3dfff525b7c4132347/numpy-1.21.1-cp39-cp39-win_amd64.whl", hash = "sha256:01721eefe70544d548425a07c80be8377096a54118070b8a62476866d5208e33", size = 14010318, upload-time = "2021-07-18T19:47:19.357Z" },
]

[[package]]
name = "packaging"
version = "26.3"
source = { registry = "https://pypi.org/simple" }
sdist = { url = "https://files.pythonhosted.org/packages/7d/fa/3944b40b07da9ce895c0e6303a5ab7d53da063554f534556b134a54d6093/packaging-26.3.tar.gz", hash = "sha256:94edc256424af38762eb31306eed28beb9f0efc50a8837492c9d6fd6004aed79", size = 313412, upload-time = "2026-08-04T18:15:28.737Z" }
wheels = [
    { url = "https://files.pythonhosted.org/packages/63/34/ba1c580383c9eada3711951fef0795c80b829a078d72188184bcab9dd527/packaging-26.3-py3-none-any.whl", hash = "sha256:d7193f7c8e4e93f444fde0262bf90af30e16fa0ad0ad44cb553c87339b23cd1c", size = 129956, upload-time = "2026-08-04T18:15:27.159Z" },
]

[[package]]
name = "pandas"
version = "1.3.1"
source = { registry = "https://pypi.org/simple" }
dependencies = [
    { name = "numpy", marker = "platform_machine == 'AMD64' and sys_platform == 'win32'" },
    { name = "python-dateutil", marker = "platform_machine == 'AMD64' and sys_platform == 'win32'" },
    { name = "pytz", marker = "platform_machine == 'AMD64' and sys_platform == 'win32'" },
]
sdist = { url = "https://files.pythonhosted.org/packages/12/01/360d7f444f910ae16496c07e3f003cb8c641b4ca6c033408a4469a904df3/pandas-1.3.1.tar.gz", hash = "sha256:341935a594db24f3ff07d1b34d1d231786aa9adfa84b76eab10bf42907c8aed3", size = 4724471, upload-time = "2021-07-25T12:26:13.87Z" }
wheels = [
    { url = "https://files.pythonhosted.org/packages/16/29/494e29124071d4045de520b4524a34a499e6385902e4fb72a638f0984ad8/pandas-1.3.1-cp39-cp39-win_amd64.whl", hash = "sha256:9e1fe6722cbe27eb5891c1977bca62d456c19935352eea64d33956db46139364", size = 10379786, upload-time = "2021-07-25T12:26:05.646Z" },
]

[[package]]
name = "pillow"
version = "8.3.2"
source = { registry = "https://pypi.org/simple" }
sdist = { url = "https://files.pythonhosted.org/packages/90/d4/a7c9b6c5d176654aa3dbccbfd0be4fd3a263355dc24122a5f1937bdc2689/Pillow-8.3.2.tar.gz", hash = "sha256:dde3f3ed8d00c72631bc19cbfff8ad3b6215062a5eed402381ad365f82f0c18c", size = 48790556, upload-time = "2021-09-02T18:14:03.398Z" }
wheels = [
    { url = "https://files.pythonhosted.org/packages/fc/97/bbec906f2f51c76470f4e4b2dd4282b0546a756fce9272eaff64b5878a0b/Pillow-8.3.2-cp39-cp39-win_amd64.whl", hash = "sha256:cc9d0dec711c914ed500f1d0d3822868760954dce98dfb0b7382a854aee55d19", size = 3224646, upload-time = "2021-09-02T18:13:18.534Z" },
]

[[package]]
name = "plumbum"
version = "1.7.0"
source = { registry = "https://pypi.org/simple" }
dependencies = [
    { name = "pypiwin32", marker = "platform_machine == 'AMD64' and platform_python_implementation != 'PyPy' and sys_platform == 'win32'" },
]
sdist = { url = "https://files.pythonhosted.org/packages/ed/ba/431d7f420cd93c4b8ccb15ed8f1c6c76c81965634fd70345af0b19c2b7bc/plumbum-1.7.0.tar.gz", hash = "sha256:317744342c755319907c773cc87c3a30adaa3a41b0d34c0ce02d9d1904922dce", size = 318890, upload-time = "2021-02-08T19:49:02.006Z" }
wheels = [
    { url = "https://files.pythonhosted.org/packages/6c/fc/6cdaf59a001c707333869b054daf1e0df02978d261f20f8b082afcf189c3/plumbum-1.7.0-py2.py3-none-any.whl", hash = "sha256:139bbe08ee065b522a8a07d4f7e9f8eddffd78cc218b65b11cca2b33683e6b57", size = 116882, upload-time = "2021-02-08T19:49:00.569Z" },
]

[[package]]
name = "pyft232"
version = "0.12"
source = { registry = "https://pypi.org/simple" }
dependencies = [
    { name = "pyserial", marker = "platform_machine == 'AMD64' and sys_platform == 'win32'" },
    { name = "pyusb", marker = "platform_machine == 'AMD64' and sys_platform == 'win32'" },
]
sdist = { url = "https://files.pythonhosted.org/packages/68/a7/5445cd6acdc82d31062d313fceea1ee62078101f8a1fbf355ceb54a00237/pyft232-0.12.tar.gz", hash = "sha256:819b8d0d6f33e97bb5d6c850cc63645b7638c1917523a22ff900b0cb8ce4d5d7", size = 16692, upload-time = "2020-05-11T20:55:56.425Z" }

[[package]]
name = "pylablib"
version = "1.4.4"
source = { registry = "https://pypi.org/simple" }
dependencies = [
    { name = "numba", marker = "platform_machine == 'AMD64' and sys_platform == 'win32'" },
    { name = "numpy", marker = "platform_machine == 'AMD64' and sys_platform == 'win32'" },
    { name = "pandas", marker = "platform_machine == 'AMD64' and sys_platform == 'win32'" },
    { name = "pyft232", marker = "platform_machine == 'AMD64' and sys_platform == 'win32'" },
    { name = "pyqtgraph", marker = "platform_machine == 'AMD64' and sys_platform == 'win32'" },
    { name = "pyserial", marker = "platform_machine == 'AMD64' and sys_platform == 'win32'" },
    { name = "pyusb", marker = "platform_machine == 'AMD64' and sys_platform == 'win32'" },
    { name = "pyvisa", marker = "platform_machine == 'AMD64' and sys_platform == 'win32'" },
    { name = "rpyc", marker = "platform_machine == 'AMD64' and sys_platform == 'win32'" },
    { name = "scipy", marker = "platform_machine == 'AMD64' and sys_platform == 'win32'" },
]
sdist = { url = "https://files.pythonhosted.org/packages/ba/2e/4f8c31f263d339c320d751a959e8b0e278658dd70a96326b9f61ae9c9b00/pylablib-1.4.4.tar.gz", hash = "sha256:a62facb3b232adbc8f00dbe5ec604768f2c8d5915f96ad98a5acc12ac70b9ea8", size = 1781798, upload-time = "2025-08-02T13:10:40.809Z" }
wheels = [
    { url = "https://files.pythonhosted.org/packages/8a/07/1a14bc5cf0977133f576a08e89aafe77db829c09641026318f95ada6c094/pylablib-1.4.4-cp39-cp39-win_amd64.whl", hash = "sha256:52667c1d8fd18162517a01150b92c68dcf5d88b219c2bd0478eae0241b9790b9", size = 1822225, upload-time = "2025-08-02T10:31:13.329Z" },
    { url = "https://files.pythonhosted.org/packages/15/9c/621cb1b2a1d5738498bf42aef0ce53697c73aaa11c2f1fa5612e10925fa4/pylablib-1.4.4-pp39-pypy39_pp73-win_amd64.whl", hash = "sha256:010e7d440e66430cf918b655fa1c241e1beceea2c0f3f4c19a718722b641c65b", size = 1804807, upload-time = "2025-08-02T10:32:34.671Z" },
]

[[package]]
name = "pypiwin32"
version = "223"
source = { registry = "https://pypi.org/simple" }
dependencies = [
    { name = "pywin32", marker = "platform_machine == 'AMD64' and sys_platform == 'win32'" },
]
sdist = { url = "https://files.pythonhosted.org/packages/13/e8/4f38eb30c4dae36634a53c5b2cd73b517ea3607e10d00f61f2494449cec0/pypiwin32-223.tar.gz", hash = "sha256:71be40c1fbd28594214ecaecb58e7aa8b708eabfa0125c8a109ebd51edbd776a", size = 622, upload-time = "2018-02-26T00:43:23.994Z" }
wheels = [
    { url = "https://files.pythonhosted.org/packages/d0/1b/2f292bbd742e369a100c91faa0483172cd91a1a422a6692055ac920946c5/pypiwin32-223-py3-none-any.whl", hash = "sha256:67adf399debc1d5d14dffc1ab5acacb800da569754fafdc576b2a039485aa775", size = 1674, upload-time = "2018-02-26T00:43:23.108Z" },
]

[[package]]
name = "pyqtgraph"
version = "0.12.2"
source = { registry = "https://pypi.org/simple" }
dependencies = [
    { name = "numpy", marker = "platform_machine == 'AMD64' and sys_platform == 'win32'" },
]
sdist = { url = "https://files.pythonhosted.org/packages/c2/47/267147744f25e515fc6f12de051c8b74945369db693ebae154d6180dc44b/pyqtgraph-0.12.2.tar.gz", hash = "sha256:fd0cf0678267b65ec28fb4908a7393424978a8c4b369e5749daf8861478fa4ca", size = 961420, upload-time = "2021-07-08T08:19:33.479Z" }
wheels = [
    { url = "https://files.pythonhosted.org/packages/a4/4c/f869feb87608b9425a3645efff80c27ace605ec67d57d92c1838c957f7c9/pyqtgraph-0.12.2-py3-none-any.whl", hash = "sha256:151f2616c75353fdfffa9915ad37b9391af86e5d42ec1e99cb1d1b3062e6353e", size = 959992, upload-time = "2021-07-08T08:19:30.974Z" },
]

[[package]]
name = "pyserial"
version = "3.5"
source = { registry = "https://pypi.org/simple" }
sdist = { url = "https://files.pythonhosted.org/packages/1e/7d/ae3f0a63f41e4d2f6cb66a5b57197850f919f59e558159a4dd3a818f5082/pyserial-3.5.tar.gz", hash = "sha256:3c77e014170dfffbd816e6ffc205e9842efb10be9f58ec16d3e8675b4925cddb", size = 159125, upload-time = "2020-11-23T03:59:15.045Z" }
wheels = [
    { url = "https://files.pythonhosted.org/packages/07/bc/587a445451b253b285629263eb51c2d8e9bcea4fc97826266d186f96f558/pyserial-3.5-py2.py3-none-any.whl", hash = "sha256:c4451db6ba391ca6ca299fb3ec7bae67a5c55dde170964c7a14ceefec02f2cf0", size = 90585, upload-time = "2020-11-23T03:59:13.41Z" },
]

[[package]]
name = "pyside2"
version = "5.15.2"
source = { registry = "https://pypi.org/simple" }
dependencies = [
    { name = "shiboken2", marker = "platform_machine == 'AMD64' and sys_platform == 'win32'" },
]
wheels = [
    { url = "https://files.pythonhosted.org/packages/81/73/830023aa8f06d9b04bf45146fd95f1a0f8644f196713fe98bc678e35ab6c/PySide2-5.15.2-5.15.2-cp35.cp36.cp37.cp38.cp39-none-win_amd64.whl", hash = "sha256:1316aa22dd330df096daf7b0defe9c00297a66e0b4907f057aaa3e88c53d1aff", size = 136267900, upload-time = "2020-11-20T08:16:53.765Z" },
]

[[package]]
name = "python-dateutil"
version = "2.8.2"
source = { registry = "https://pypi.org/simple" }
dependencies = [
    { name = "six", marker = "platform_machine == 'AMD64' and sys_platform == 'win32'" },
]
sdist = { url = "https://files.pythonhosted.org/packages/4c/c4/13b4776ea2d76c115c1d1b84579f3764ee6d57204f6be27119f13a61d0a9/python-dateutil-2.8.2.tar.gz", hash = "sha256:0123cacc1627ae19ddf3c27a5de5bd67ee4586fbdd6440d9748f8abb483d3e86", size = 357324, upload-time = "2021-07-14T08:19:19.783Z" }
wheels = [
    { url = "https://files.pythonhosted.org/packages/36/7a/87837f39d0296e723bb9b62bbb257d0355c7f6128853c78955f57342a56d/python_dateutil-2.8.2-py2.py3-none-any.whl", hash = "sha256:961d03dc3453ebbc59dbdea9e4e11c5651520a876d0f4db161e8674aae935da9", size = 247702, upload-time = "2021-07-14T08:19:18.161Z" },
]

[[package]]
name = "pytz"
version = "2021.1"
source = { registry = "https://pypi.org/simple" }
sdist = { url = "https://files.pythonhosted.org/packages/b0/61/eddc6eb2c682ea6fd97a7e1018a6294be80dba08fa28e7a3570148b4612d/pytz-2021.1.tar.gz", hash = "sha256:83a4a90894bf38e243cf052c8b58f381bfe9a7a483f6a9cab140bc7f702ac4da", size = 317945, upload-time = "2021-02-01T08:07:19.773Z" }
wheels = [
    { url = "https://files.pythonhosted.org/packages/70/94/784178ca5dd892a98f113cdd923372024dc04b8d40abe77ca76b5fb90ca6/pytz-2021.1-py2.py3-none-any.whl", hash = "sha256:eb10ce3e7736052ed3623d49975ce333bcd712c7bb19a58b9e2089d4057d0798", size = 510782, upload-time = "2021-02-01T08:07:15.659Z" },
]

[[package]]
name = "pyusb"
version = "1.3.1"
source = { registry = "https://pypi.org/simple" }
sdist = { url = "https://files.pythonhosted.org/packages/00/6b/ce3727395e52b7b76dfcf0c665e37d223b680b9becc60710d4bc08b7b7cb/pyusb-1.3.1.tar.gz", hash = "sha256:3af070b607467c1c164f49d5b0caabe8ac78dbed9298d703a8dbf9df4052d17e", size = 77281, upload-time = "2025-01-08T23:45:01.866Z" }
wheels = [
    { url = "https://files.pythonhosted.org/packages/28/b8/27e6312e86408a44fe16bd28ee12dd98608b39f7e7e57884a24e8f29b573/pyusb-1.3.1-py3-none-any.whl", hash = "sha256:bf9b754557af4717fe80c2b07cc2b923a9151f5c08d17bdb5345dac09d6a0430", size = 58465, upload-time = "2025-01-08T23:45:00.029Z" },
]

[[package]]
name = "pyvisa"
version = "1.14.1"
source = { registry = "https://pypi.org/simple" }
dependencies = [
    { name = "typing-extensions", marker = "platform_machine == 'AMD64' and sys_platform == 'win32'" },
]
sdist = { url = "https://files.pythonhosted.org/packages/1a/77/577366efd9cff08ddfedcf14f678ff57bb1a6287ccdf157972e6d9e7b494/PyVISA-1.14.1.tar.gz", hash = "sha256:71030041ed4c5dad77687454cf44b8be4d1642e9d1aaa22019248d41d8ed7a79", size = 234683, upload-time = "2023-11-22T07:33:45.658Z" }
wheels = [
    { url = "https://files.pythonhosted.org/packages/99/a0/0e739df84e0fc61abecc6b4b70ad7aea7f5d7ee37ec504baa365c0fec9da/PyVISA-1.14.1-py3-none-any.whl", hash = "sha256:6e4dfc9b6029b4f00d0d4960348c4889c2747aa7f83276950d48a349eab36a45", size = 176651, upload-time = "2023-11-22T07:33:43.496Z" },
]

[[package]]
name = "pywin32"
version = "301"
source = { registry = "https://pypi.org/simple" }
wheels = [
    { url = "https://files.pythonhosted.org/packages/5f/97/7a9d7028977390a9692d7176c85e51750c8e431503fc02ab3e54a8e0dcad/pywin32-301-cp39-cp39-win_amd64.whl", hash = "sha256:87604a4087434cd814ad8973bd47d6524bd1fa9e971ce428e76b62a5e0860fdf", size = 9259914, upload-time = "2021-05-31T00:47:35.408Z" },
]

[[package]]
name = "qdarkstyle"
version = "3.0.2"
source = { registry = "https://pypi.org/simple" }
dependencies = [
    { name = "qtpy", marker = "platform_machine == 'AMD64' and sys_platform == 'win32'" },
]
sdist = { url = "https://files.pythonhosted.org/packages/62/24/f3b90245b13f0b9ce9aebb6b67662f08ec646bd83bea1c2d1280426c5b39/QDarkStyle-3.0.2.tar.gz", hash = "sha256:55d149cf5f40ee297397f1818e091118cefb855a4a9c5c38566c47acd2d8c7ae", size = 433187, upload-time = "2021-04-01T15:37:39.619Z" }
wheels = [
    { url = "https://files.pythonhosted.org/packages/42/3c/b4a755f5cf9e5b9ce735dcd650810a20dd21ab5de4b23c3410e40aac6a45/QDarkStyle-3.0.2-py2.py3-none-any.whl", hash = "sha256:7c791535cc20b3cc1e8e1bf6b88dabe53cb0615983df702be83597e73ada2558", size = 453297, upload-time = "2021-04-01T15:37:37.378Z" },
]

[[package]]
name = "qtpy"
version = "2.4.3"
source = { registry = "https://pypi.org/simple" }
dependencies = [
    { name = "packaging", marker = "platform_machine == 'AMD64' and sys_platform == 'win32'" },
]
sdist = { url = "https://files.pythonhosted.org/packages/70/01/392eba83c8e47b946b929d7c46e0f04b35e9671f8bb6fc36b6f7945b4de8/qtpy-2.4.3.tar.gz", hash = "sha256:db744f7832e6d3da90568ba6ccbca3ee2b3b4a890c3d6fbbc63142f6e4cdf5bb", size = 66982, upload-time = "2025-02-11T15:09:25.759Z" }
wheels = [
    { url = "https://files.pythonhosted.org/packages/69/76/37c0ccd5ab968a6a438f9c623aeecc84c202ab2fabc6a8fd927580c15b5a/QtPy-2.4.3-py3-none-any.whl", hash = "sha256:72095afe13673e017946cc258b8d5da43314197b741ed2890e563cf384b51aa1", size = 95045, upload-time = "2025-02-11T15:09:24.162Z" },
]

[[package]]
name = "rpyc"
version = "5.0.1"
source = { registry = "https://pypi.org/simple" }
dependencies = [
    { name = "plumbum", marker = "platform_machine == 'AMD64' and sys_platform == 'win32'" },
]
wheels = [
    { url = "https://files.pythonhosted.org/packages/e8/4c/6d456ae4319190d17e0d4cd8c1ee6b6ba9125f0bde18ef37afdb50867a39/rpyc-5.0.1-py3-none-any.whl", hash = "sha256:97c40d84994816e6b39be9224c936817bb6f76e71b9b49d29adb22531d9c820f", size = 68805, upload-time = "2021-01-11T19:26:24.884Z" },
]

[[package]]
name = "scipy"
version = "1.7.0"
source = { registry = "https://pypi.org/simple" }
dependencies = [
    { name = "numpy", marker = "platform_machine == 'AMD64' and sys_platform == 'win32'" },
]
sdist = { url = "https://files.pythonhosted.org/packages/bb/bb/944f559d554df6c9adf037aa9fc982a9706ee0e96c0d5beac701cb158900/scipy-1.7.0.tar.gz", hash = "sha256:998c5e6ea649489302de2c0bc026ed34284f531df89d2bdc8df3a0d44d165739", size = 36101709, upload-time = "2021-06-20T16:13:59.018Z" }
wheels = [
    { url = "https://files.pythonhosted.org/packages/03/1e/414a1ade6a0d2fb6268e7cf07a862374f311b2af2e410b3bba73a74da1c8/scipy-1.7.0-cp39-cp39-win_amd64.whl", hash = "sha256:aef6e922aea6f2e6bbb539b413c85210a9ee32757535b84204ebd22723e69704", size = 33750442, upload-time = "2021-06-20T16:13:07.201Z" },
]

[[package]]
name = "setuptools"
version = "58.1.0"
source = { registry = "https://pypi.org/simple" }
sdist = { url = "https://files.pythonhosted.org/packages/59/b8/adeb445fa6c636f78c532f0dd6f847f0f90e709afa7d41396181d438be5a/setuptools-58.1.0.tar.gz", hash = "sha256:5de67252090e08d25f240f07d80310f778a5a46cdcf9ea9855662630ac8547b2", size = 2137410, upload-time = "2021-09-22T02:01:11.577Z" }
wheels = [
    { url = "https://files.pythonhosted.org/packages/4e/2e/f8e006dbaaa46ed1e762c287585b92476deb8d3ccb79b720ed3b86bc6113/setuptools-58.1.0-py3-none-any.whl", hash = "sha256:7324fd4b66efa05cdfc9c89174573a4410acc7848f318cc0565c7fb659dfdc81", size = 816725, upload-time = "2021-09-22T02:01:09.623Z" },
]

[[package]]
name = "shiboken2"
version = "5.15.2"
source = { registry = "https://pypi.org/simple" }
wheels = [
    { url = "https://files.pythonhosted.org/packages/85/c2/49578ee1912e06e4f4ffb2cf974b4ee864f6d81bcb3961bc8b96de021cbd/shiboken2-5.15.2-5.15.2-cp35.cp36.cp37.cp38.cp39-none-win_amd64.whl", hash = "sha256:14a33169cf1bd919e4c4c4408fffbcd424c919a3f702df412b8d72b694e4c1d5", size = 2294071, upload-time = "2020-11-20T08:17:09.023Z" },
]

[[package]]
name = "six"
version = "1.16.0"
source = { registry = "https://pypi.org/simple" }
sdist = { url = "https://files.pythonhosted.org/packages/71/39/171f1c67cd00715f190ba0b100d606d440a28c93c7714febeca8b79af85e/six-1.16.0.tar.gz", hash = "sha256:1e61c37477a1626458e36f7b1d82aa5c9b094fa4802892072e49de9c60c4c926", size = 34041, upload-time = "2021-05-05T14:18:18.379Z" }
wheels = [
    { url = "https://files.pythonhosted.org/packages/d9/5a/e7c31adbe875f2abbb91bd84cf2dc52d792b5a01506781dbcf25c91daf11/six-1.16.0-py2.py3-none-any.whl", hash = "sha256:8abb2f1d86890a2dfb989f9a77cfcfd3e47c2a354b01111771326f8aa26e0254", size = 11053, upload-time = "2021-05-05T14:18:17.237Z" },
]

[[package]]
name = "tifffile"
version = "2022.8.12"
source = { registry = "https://pypi.org/simple" }
dependencies = [
    { name = "numpy", marker = "platform_machine == 'AMD64' and sys_platform == 'win32'" },
]
sdist = { url = "https://files.pythonhosted.org/packages/96/e9/bc14577c801e0e65c6369288b02cc8e553bef783b55d7c7b7159d8051fc6/tifffile-2022.8.12.tar.gz", hash = "sha256:3e74e0fd48838477ebcf40e09b7780bd095ee5920b2238f485e2c68463a3dcb4", size = 321020, upload-time = "2022-08-12T22:35:31.526Z" }
wheels = [
    { url = "https://files.pythonhosted.org/packages/45/84/31e59ef72ac4149bb27ab9ccb3aa2b0d294abd97cf61dafd599bddf50a69/tifffile-2022.8.12-py3-none-any.whl", hash = "sha256:1456f9f6943c85082ef4d73f5329038826da67f70d5d513873a06f3b1598d23e", size = 208538, upload-time = "2022-08-12T22:35:29.365Z" },
]

[[package]]
name = "typing-extensions"
version = "4.16.0"
source = { registry = "https://pypi.org/simple" }
sdist = { url = "https://files.pythonhosted.org/packages/f6/cc/6253133b5bb138fc3306cebfbda2c520f545d36b5be2c7255cc528bb45d6/typing_extensions-4.16.0.tar.gz", hash = "sha256:dc983d19a509c94dba722ee6abd33940f7c05a89e243c47e907eb4db6f1a43e5", size = 113555, upload-time = "2026-07-02T08:40:05.92Z" }
wheels = [
    { url = "https://files.pythonhosted.org/packages/49/d3/b8441a820a491ddfc024b0b0cf0393375b75ea13866d9c66727e54c2fc80/typing_extensions-4.16.0-py3-none-any.whl", hash = "sha256:481caa481374e813c1b176ada14e97f1f67a4539ce9cfeb3f350d78d6370c2e8", size = 45571, upload-time = "2026-07-02T08:40:04.659Z" },
]
